
Microsoft Visual Studio Solution File, Format Version 12.00
# Visual Studio Version 17
VisualStudioVersion = 17.8.34309.116
MinimumVisualStudioVersion = 10.0.40219.1
Project("{FAE04EC0-301F-11D3-BF4B-00C04F79EFBC}") = "Meuprimeiroprograma-CSharp", "Meuprimeiroprograma-CSharp\Meuprimeiroprograma-CSharp.csproj", "{B17910F0-B932-4ECA-9FA1-1E730F0D6A87}"
EndProject
Global
	GlobalSection(SolutionConfigurationPlatforms) = preSolution
		Debug|Any CPU = Debug|Any CPU
		Release|Any CPU = Release|Any CPU
	EndGlobalSection
	GlobalSection(ProjectConfigurationPlatforms) = postSolution
		{B17910F0-B932-4ECA-9FA1-1E730F0D6A87}.Debug|Any CPU.ActiveCfg = Debug|Any CPU
		{B17910F0-B932-4ECA-9FA1-1E730F0D6A87}.Debug|Any CPU.Build.0 = Debug|Any CPU
		{B17910F0-B932-4ECA-9FA1-1E730F0D6A87}.Release|Any CPU.ActiveCfg = Release|Any CPU
		{B17910F0-B932-4ECA-9FA1-1E730F0D6A87}.Release|Any CPU.Build.0 = Release|Any CPU
	EndGlobalSection
	GlobalSection(SolutionProperties) = preSolution
		HideSolutionNode = FALSE
	EndGlobalSection
	GlobalSection(ExtensibilityGlobals) = postSolution
		SolutionGuid = {2A38A5D6-6007-4153-8B48-D5D61AAC058E}
	EndGlobalSection
EndGlobal
